// !$*UTF8*$!
{
	archiveVersion = 1;
	classes = {
	};
	objectVersion = 55;
	objects = {

/* Begin PBXBuildFile section */
		502A2BBE286E43C7003ADF8A /* NewsViewModel.swift in Sources */ = {isa = PBXBuildFile; fileRef = 502A2BBD286E43C7003ADF8A /* NewsViewModel.swift */; };
		503C2616286C8BAF0073CEF6 /* AppDelegate.swift in Sources */ = {isa = PBXBuildFile; fileRef = 503C2615286C8BAF0073CEF6 /* AppDelegate.swift */; };
		503C2618286C8BAF0073CEF6 /* SceneDelegate.swift in Sources */ = {isa = PBXBuildFile; fileRef = 503C2617286C8BAF0073CEF6 /* SceneDelegate.swift */; };
		503C261D286C8BAF0073CEF6 /* Main.storyboard in Resources */ = {isa = PBXBuildFile; fileRef = 503C261B286C8BAF0073CEF6 /* Main.storyboard */; };
		503C261F286C8BB30073CEF6 /* Assets.xcassets in Resources */ = {isa = PBXBuildFile; fileRef = 503C261E286C8BB30073CEF6 /* Assets.xcassets */; };
		503C2622286C8BB30073CEF6 /* LaunchScreen.storyboard in Resources */ = {isa = PBXBuildFile; fileRef = 503C2620286C8BB30073CEF6 /* LaunchScreen.storyboard */; };
		503C262A286C8D790073CEF6 /* NewsTableViewController.swift in Sources */ = {isa = PBXBuildFile; fileRef = 503C2629286C8D790073CEF6 /* NewsTableViewController.swift */; };
		503C262E286C94C30073CEF6 /* Model.swift in Sources */ = {isa = PBXBuildFile; fileRef = 503C262D286C94C30073CEF6 /* Model.swift */; };
		503C2631286C96A20073CEF6 /* ArticleTableViewCell.swift in Sources */ = {isa = PBXBuildFile; fileRef = 503C2630286C96A20073CEF6 /* ArticleTableViewCell.swift */; };
		503C2634286C9CF70073CEF6 /* URLRequest + Extensions.swift in Sources */ = {isa = PBXBuildFile; fileRef = 503C2633286C9CF70073CEF6 /* URLRequest + Extensions.swift */; };
		5E1F6EACC1D2163AC7F1BC24 /* Pods_RxSwift_NewsApp.framework in Frameworks */ = {isa = PBXBuildFile; fileRef = 9E4DE348D76551874CC361E0 /* Pods_RxSwift_NewsApp.framework */; };
/* End PBXBuildFile section */

/* Begin PBXFileReference section */
		502A2BBD286E43C7003ADF8A /* NewsViewModel.swift */ = {isa = PBXFileReference; lastKnownFileType = sourcecode.swift; path = NewsViewModel.swift; sourceTree = "<group>"; };
		503C2612286C8BAF0073CEF6 /* RxSwift_NewsApp.app */ = {isa = PBXFileReference; explicitFileType = wrapper.application; includeInIndex = 0; path = RxSwift_NewsApp.app; sourceTree = BUILT_PRODUCTS_DIR; };
		503C2615286C8BAF0073CEF6 /* AppDelegate.swift */ = {isa = PBXFileReference; lastKnownFileType = sourcecode.swift; path = AppDelegate.swift; sourceTree = "<group>"; };
		503C2617286C8BAF0073CEF6 /* SceneDelegate.swift */ = {isa = PBXFileReference; lastKnownFileType = sourcecode.swift; path = SceneDelegate.swift; sourceTree = "<group>"; };
		503C261C286C8BAF0073CEF6 /* Base */ = {isa = PBXFileReference; lastKnownFileType = file.storyboard; name = Base; path = Base.lproj/Main.storyboard; sourceTree = "<group>"; };
		503C261E286C8BB30073CEF6 /* Assets.xcassets */ = {isa = PBXFileReference; lastKnownFileType = folder.assetcatalog; path = Assets.xcassets; sourceTree = "<group>"; };
		503C2621286C8BB30073CEF6 /* Base */ = {isa = PBXFileReference; lastKnownFileType = file.storyboard; name = Base; path = Base.lproj/LaunchScreen.storyboard; sourceTree = "<group>"; };
		503C2623286C8BB30073CEF6 /* Info.plist */ = {isa = PBXFileReference; lastKnownFileType = text.plist.xml; path = Info.plist; sourceTree = "<group>"; };
		503C2629286C8D790073CEF6 /* NewsTableViewController.swift */ = {isa = PBXFileReference; lastKnownFileType = sourcecode.swift; path = NewsTableViewController.swift; sourceTree = "<group>"; };
		503C262D286C94C30073CEF6 /* Model.swift */ = {isa = PBXFileReference; lastKnownFileType = sourcecode.swift; path = Model.swift; sourceTree = "<group>"; };
		503C2630286C96A20073CEF6 /* ArticleTableViewCell.swift */ = {isa = PBXFileReference; lastKnownFileType = sourcecode.swift; path = ArticleTableViewCell.swift; sourceTree = "<group>"; };
		503C2633286C9CF70073CEF6 /* URLRequest + Extensions.swift */ = {isa = PBXFileReference; lastKnownFileType = sourcecode.swift; path = "URLRequest + Extensions.swift"; sourceTree = "<group>"; };
		735BD7F84C517AE666ACB0BB /* Pods-RxSwift_NewsApp.release.xcconfig */ = {isa = PBXFileReference; includeInIndex = 1; lastKnownFileType = text.xcconfig; name = "Pods-RxSwift_NewsApp.release.xcconfig"; path = "Target Support Files/Pods-RxSwift_NewsApp/Pods-RxSwift_NewsApp.release.xcconfig"; sourceTree = "<group>"; };
		9E4DE348D76551874CC361E0 /* Pods_RxSwift_NewsApp.framework */ = {isa = PBXFileReference; explicitFileType = wrapper.framework; includeInIndex = 0; path = Pods_RxSwift_NewsApp.framework; sourceTree = BUILT_PRODUCTS_DIR; };
		C1E1B54CF56B1D83D2CA08B2 /* Pods-RxSwift_NewsApp.debug.xcconfig */ = {isa = PBXFileReference; includeInIndex = 1; lastKnownFileType = text.xcconfig; name = "Pods-RxSwift_NewsApp.debug.xcconfig"; path = "Target Support Files/Pods-RxSwift_NewsApp/Pods-RxSwift_NewsApp.debug.xcconfig"; sourceTree = "<group>"; };
/* End PBXFileReference section */

/* Begin PBXFrameworksBuildPhase section */
		503C260F286C8BAF0073CEF6 /* Frameworks */ = {
			isa = PBXFrameworksBuildPhase;
			buildActionMask = 2147483647;
			files = (
				5E1F6EACC1D2163AC7F1BC24 /* Pods_RxSwift_NewsApp.framework in Frameworks */,
			);
			runOnlyForDeploymentPostprocessing = 0;
		};
/* End PBXFrameworksBuildPhase section */

/* Begin PBXGroup section */
		3744712E30BF03D6DB2514AC /* Frameworks */ = {
			isa = PBXGroup;
			children = (
				9E4DE348D76551874CC361E0 /* Pods_RxSwift_NewsApp.framework */,
			);
			name = Frameworks;
			sourceTree = "<group>";
		};
		502A2BBC286E43B4003ADF8A /* ViewModels */ = {
			isa = PBXGroup;
			children = (
				502A2BBD286E43C7003ADF8A /* NewsViewModel.swift */,
			);
			path = ViewModels;
			sourceTree = "<group>";
		};
		503C2609286C8BAF0073CEF6 = {
			isa = PBXGroup;
			children = (
				503C2614286C8BAF0073CEF6 /* RxSwift_NewsApp */,
				503C2613286C8BAF0073CEF6 /* Products */,
				CAB271948BB89DDF9B6749A7 /* Pods */,
				3744712E30BF03D6DB2514AC /* Frameworks */,
			);
			sourceTree = "<group>";
		};
		503C2613286C8BAF0073CEF6 /* Products */ = {
			isa = PBXGroup;
			children = (
				503C2612286C8BAF0073CEF6 /* RxSwift_NewsApp.app */,
			);
			name = Products;
			sourceTree = "<group>";
		};
		503C2614286C8BAF0073CEF6 /* RxSwift_NewsApp */ = {
			isa = PBXGroup;
			children = (
				502A2BBC286E43B4003ADF8A /* ViewModels */,
				503C2632286C9CE30073CEF6 /* Extensions */,
				503C262F286C96930073CEF6 /* Cell */,
				503C262C286C94B80073CEF6 /* Controllers */,
				503C262B286C94AE0073CEF6 /* Models */,
				503C2615286C8BAF0073CEF6 /* AppDelegate.swift */,
				503C2617286C8BAF0073CEF6 /* SceneDelegate.swift */,
				503C261B286C8BAF0073CEF6 /* Main.storyboard */,
				503C261E286C8BB30073CEF6 /* Assets.xcassets */,
				503C2620286C8BB30073CEF6 /* LaunchScreen.storyboard */,
				503C2623286C8BB30073CEF6 /* Info.plist */,
			);
			path = RxSwift_NewsApp;
			sourceTree = "<group>";
		};
		503C262B286C94AE0073CEF6 /* Models */ = {
			isa = PBXGroup;
			children = (
				503C262D286C94C30073CEF6 /* Model.swift */,
			);
			path = Models;
			sourceTree = "<group>";
		};
		503C262C286C94B80073CEF6 /* Controllers */ = {
			isa = PBXGroup;
			children = (
				503C2629286C8D790073CEF6 /* NewsTableViewController.swift */,
			);
			path = Controllers;
			sourceTree = "<group>";
		};
		503C262F286C96930073CEF6 /* Cell */ = {
			isa = PBXGroup;
			children = (
				503C2630286C96A20073CEF6 /* ArticleTableViewCell.swift */,
			);
			path = Cell;
			sourceTree = "<group>";
		};
		503C2632286C9CE30073CEF6 /* Extensions */ = {
			isa = PBXGroup;
			children = (
				503C2633286C9CF70073CEF6 /* URLRequest + Extensions.swift */,
			);
			path = Extensions;
			sourceTree = "<group>";
		};
		CAB271948BB89DDF9B6749A7 /* Pods */ = {
			isa = PBXGroup;
			children = (
				C1E1B54CF56B1D83D2CA08B2 /* Pods-RxSwift_NewsApp.debug.xcconfig */,
				735BD7F84C517AE666ACB0BB /* Pods-RxSwift_NewsApp.release.xcconfig */,
			);
			path = Pods;
			sourceTree = "<group>";
		};
/* End PBXGroup section */

/* Begin PBXNativeTarget section */
		503C2611286C8BAF0073CEF6 /* RxSwift_NewsApp */ = {
			isa = PBXNativeTarget;
			buildConfigurationList = 503C2626286C8BB30073CEF6 /* Build configuration list for PBXNativeTarget "RxSwift_NewsApp" */;
			buildPhases = (
				103A7595A93285A30E119D65 /* [CP] Check Pods Manifest.lock */,
				503C260E286C8BAF0073CEF6 /* Sources */,
				503C260F286C8BAF0073CEF6 /* Frameworks */,
				503C2610286C8BAF0073CEF6 /* Resources */,
				E7403FC0913A9A6921023E84 /* [CP] Embed Pods Frameworks */,
			);
			buildRules = (
			);
			dependencies = (
			);
			name = RxSwift_NewsApp;
			productName = RxSwift_NewsApp;
			productReference = 503C2612286C8BAF0073CEF6 /* RxSwift_NewsApp.app */;
			productType = "com.apple.product-type.application";
		};
/* End PBXNativeTarget section */

/* Begin PBXProject section */
		503C260A286C8BAF0073CEF6 /* Project object */ = {
			isa = PBXProject;
			attributes = {
				BuildIndependentTargetsInParallel = 1;
				LastSwiftUpdateCheck = 1320;
				LastUpgradeCheck = 1320;
				TargetAttributes = {
					503C2611286C8BAF0073CEF6 = {
						CreatedOnToolsVersion = 13.2.1;
					};
				};
			};
			buildConfigurationList = 503C260D286C8BAF0073CEF6 /* Build configuration list for PBXProject "RxSwift_NewsApp" */;
			compatibilityVersion = "Xcode 13.0";
			developmentRegion = en;
			hasScannedForEncodings = 0;
			knownRegions = (
				en,
				Base,
			);
			mainGroup = 503C2609286C8BAF0073CEF6;
			productRefGroup = 503C2613286C8BAF0073CEF6 /* Products */;
			projectDirPath = "";
			projectRoot = "";
			targets = (
				503C2611286C8BAF0073CEF6 /* RxSwift_NewsApp */,
			);
		};
/* End PBXProject section */

/* Begin PBXResourcesBuildPhase section */
		503C2610286C8BAF0073CEF6 /* Resources */ = {
			isa = PBXResourcesBuildPhase;
			buildActionMask = 2147483647;
			files = (
				503C2622286C8BB30073CEF6 /* LaunchScreen.storyboard in Resources */,
				503C261F286C8BB30073CEF6 /* Assets.xcassets in Resources */,
				503C261D286C8BAF0073CEF6 /* Main.storyboard in Resources */,
			);
			runOnlyForDeploymentPostprocessing = 0;
		};
/* End PBXResourcesBuildPhase section */

/* Begin PBXShellScriptBuildPhase section */
		103A7595A93285A30E119D65 /* [CP] Check Pods Manifest.lock */ = {
			isa = PBXShellScriptBuildPhase;
			buildActionMask = 2147483647;
			files = (
			);
			inputFileListPaths = (
			);
			inputPaths = (
				"${PODS_PODFILE_DIR_PATH}/Podfile.lock",
				"${PODS_ROOT}/Manifest.lock",
			);
			name = "[CP] Check Pods Manifest.lock";
			outputFileListPaths = (
			);
			outputPaths = (
				"$(DERIVED_FILE_DIR)/Pods-RxSwift_NewsApp-checkManifestLockResult.txt",
			);
			runOnlyForDeploymentPostprocessing = 0;
			shellPath = /bin/sh;
			shellScript = "diff \"${PODS_PODFILE_DIR_PATH}/Podfile.lock\" \"${PODS_ROOT}/Manifest.lock\" > /dev/null\nif [ $? != 0 ] ; then\n    # print error to STDERR\n    echo \"error: The sandbox is not in sync with the Podfile.lock. Run 'pod install' or update your CocoaPods installation.\" >&2\n    exit 1\nfi\n# This output is used by Xcode 'outputs' to avoid re-running this script phase.\necho \"SUCCESS\" > \"${SCRIPT_OUTPUT_FILE_0}\"\n";
			showEnvVarsInLog = 0;
		};
		E7403FC0913A9A6921023E84 /* [CP] Embed Pods Frameworks */ = {
			isa = PBXShellScriptBuildPhase;
			buildActionMask = 2147483647;
			files = (
			);
			inputFileListPaths = (
				"${PODS_ROOT}/Target Support Files/Pods-RxSwift_NewsApp/Pods-RxSwift_NewsApp-frameworks-${CONFIGURATION}-input-files.xcfilelist",
			);
			name = "[CP] Embed Pods Frameworks";
			outputFileListPaths = (
				"${PODS_ROOT}/Target Support Files/Pods-RxSwift_NewsApp/Pods-RxSwift_NewsApp-frameworks-${CONFIGURATION}-output-files.xcfilelist",
			);
			runOnlyForDeploymentPostprocessing = 0;
			shellPath = /bin/sh;
			shellScript = "\"${PODS_ROOT}/Target Support Files/Pods-RxSwift_NewsApp/Pods-RxSwift_NewsApp-frameworks.sh\"\n";
			showEnvVarsInLog = 0;
		};
/* End PBXShellScriptBuildPhase section */

/* Begin PBXSourcesBuildPhase section */
		503C260E286C8BAF0073CEF6 /* Sources */ = {
			isa = PBXSourcesBuildPhase;
			buildActionMask = 2147483647;
			files = (
				503C2631286C96A20073CEF6 /* ArticleTableViewCell.swift in Sources */,
				503C2616286C8BAF0073CEF6 /* AppDelegate.swift in Sources */,
				503C2618286C8BAF0073CEF6 /* SceneDelegate.swift in Sources */,
				503C2634286C9CF70073CEF6 /* URLRequest + Extensions.swift in Sources */,
				502A2BBE286E43C7003ADF8A /* NewsViewModel.swift in Sources */,
				503C262A286C8D790073CEF6 /* NewsTableViewController.swift in Sources */,
				503C262E286C94C30073CEF6 /* Model.swift in Sources */,
			);
			runOnlyForDeploymentPostprocessing = 0;
		};
/* End PBXSourcesBuildPhase section */

/* Begin PBXVariantGroup section */
		503C261B286C8BAF0073CEF6 /* Main.storyboard */ = {
			isa = PBXVariantGroup;
			children = (
				503C261C286C8BAF0073CEF6 /* Base */,
			);
			name = Main.storyboard;
			sourceTree = "<group>";
		};
		503C2620286C8BB30073CEF6 /* LaunchScreen.storyboard */ = {
			isa = PBXVariantGroup;
			children = (
				503C2621286C8BB30073CEF6 /* Base */,
			);
			name = LaunchScreen.storyboard;
			sourceTree = "<group>";
		};
/* End PBXVariantGroup section */

/* Begin XCBuildConfiguration section */
		503C2624286C8BB30073CEF6 /* Debug */ = {
			isa = XCBuildConfiguration;
			buildSettings = {
				ALWAYS_SEARCH_USER_PATHS = NO;
				CLANG_ANALYZER_NONNULL = YES;
				CLANG_ANALYZER_NUMBER_OBJECT_CONVERSION = YES_AGGRESSIVE;
				CLANG_CXX_LANGUAGE_STANDARD = "gnu++17";
				CLANG_CXX_LIBRARY = "libc++";
				CLANG_ENABLE_MODULES = YES;
				CLANG_ENABLE_OBJC_ARC = YES;
				CLANG_ENABLE_OBJC_WEAK = YES;
				CLANG_WARN_BLOCK_CAPTURE_AUTORELEASING = YES;
				CLANG_WARN_BOOL_CONVERSION = YES;
				CLANG_WARN_COMMA = YES;
				CLANG_WARN_CONSTANT_CONVERSION = YES;
				CLANG_WARN_DEPRECATED_OBJC_IMPLEMENTATIONS = YES;
				CLANG_WARN_DIRECT_OBJC_ISA_USAGE = YES_ERROR;
				CLANG_WARN_DOCUMENTATION_COMMENTS = YES;
				CLANG_WARN_EMPTY_BODY = YES;
				CLANG_WARN_ENUM_CONVERSION = YES;
				CLANG_WARN_INFINITE_RECURSION = YES;
				CLANG_WARN_INT_CONVERSION = YES;
				CLANG_WARN_NON_LITERAL_NULL_CONVERSION = YES;
				CLANG_WARN_OBJC_IMPLICIT_RETAIN_SELF = YES;
				CLANG_WARN_OBJC_LITERAL_CONVERSION = YES;
				CLANG_WARN_OBJC_ROOT_CLASS = YES_ERROR;
				CLANG_WARN_QUOTED_INCLUDE_IN_FRAMEWORK_HEADER = YES;
				CLANG_WARN_RANGE_LOOP_ANALYSIS = YES;
				CLANG_WARN_STRICT_PROTOTYPES = YES;
				CLANG_WARN_SUSPICIOUS_MOVE = YES;
				CLANG_WARN_UNGUARDED_AVAILABILITY = YES_AGGRESSIVE;
				CLANG_WARN_UNREACHABLE_CODE = YES;
				CLANG_WARN__DUPLICATE_METHOD_MATCH = YES;
				COPY_PHASE_STRIP = NO;
				DEBUG_INFORMATION_FORMAT = dwarf;
				ENABLE_STRICT_OBJC_MSGSEND = YES;
				ENABLE_TESTABILITY = YES;
				GCC_C_LANGUAGE_STANDARD = gnu11;
				GCC_DYNAMIC_NO_PIC = NO;
				GCC_NO_COMMON_BLOCKS = YES;
				GCC_OPTIMIZATION_LEVEL = 0;
				GCC_PREPROCESSOR_DEFINITIONS = (
					"DEBUG=1",
					"$(inherited)",
				);
				GCC_WARN_64_TO_32_BIT_CONVERSION = YES;
				GCC_WARN_ABOUT_RETURN_TYPE = YES_ERROR;
				GCC_WARN_UNDECLARED_SELECTOR = YES;
				GCC_WARN_UNINITIALIZED_AUTOS = YES_AGGRESSIVE;
				GCC_WARN_UNUSED_FUNCTION = YES;
				GCC_WARN_UNUSED_VARIABLE = YES;
				IPHONEOS_DEPLOYMENT_TARGET = 15.2;
				MTL_ENABLE_DEBUG_INFO = INCLUDE_SOURCE;
				MTL_FAST_MATH = YES;
				ONLY_ACTIVE_ARCH = YES;
				SDKROOT = iphoneos;
				SWIFT_ACTIVE_COMPILATION_CONDITIONS = DEBUG;
				SWIFT_OPTIMIZATION_LEVEL = "-Onone";
			};
			name = Debug;
		};
		503C2625286C8BB30073CEF6 /* Release */ = {
			isa = XCBuildConfiguration;
			buildSettings = {
				ALWAYS_SEARCH_USER_PATHS = NO;
				CLANG_ANALYZER_NONNULL = YES;
				CLANG_ANALYZER_NUMBER_OBJECT_CONVERSION = YES_AGGRESSIVE;
				CLANG_CXX_LANGUAGE_STANDARD = "gnu++17";
				CLANG_CXX_LIBRARY = "libc++";
				CLANG_ENABLE_MODULES = YES;
				CLANG_ENABLE_OBJC_ARC = YES;
				CLANG_ENABLE_OBJC_WEAK = YES;
				CLANG_WARN_BLOCK_CAPTURE_AUTORELEASING = YES;
				CLANG_WARN_BOOL_CONVERSION = YES;
				CLANG_WARN_COMMA = YES;
				CLANG_WARN_CONSTANT_CONVERSION = YES;
				CLANG_WARN_DEPRECATED_OBJC_IMPLEMENTATIONS = YES;
				CLANG_WARN_DIRECT_OBJC_ISA_USAGE = YES_ERROR;
				CLANG_WARN_DOCUMENTATION_COMMENTS = YES;
				CLANG_WARN_EMPTY_BODY = YES;
				CLANG_WARN_ENUM_CONVERSION = YES;
				CLANG_WARN_INFINITE_RECURSION = YES;
				CLANG_WARN_INT_CONVERSION = YES;
				CLANG_WARN_NON_LITERAL_NULL_CONVERSION = YES;
				CLANG_WARN_OBJC_IMPLICIT_RETAIN_SELF = YES;
				CLANG_WARN_OBJC_LITERAL_CONVERSION = YES;
				CLANG_WARN_OBJC_ROOT_CLASS = YES_ERROR;
				CLANG_WARN_QUOTED_INCLUDE_IN_FRAMEWORK_HEADER = YES;
				CLANG_WARN_RANGE_LOOP_ANALYSIS = YES;
				CLANG_WARN_STRICT_PROTOTYPES = YES;
				CLANG_WARN_SUSPICIOUS_MOVE = YES;
				CLANG_WARN_UNGUARDED_AVAILABILITY = YES_AGGRESSIVE;
				CLANG_WARN_UNREACHABLE_CODE = YES;
				CLANG_WARN__DUPLICATE_METHOD_MATCH = YES;
				COPY_PHASE_STRIP = NO;
				DEBUG_INFORMATION_FORMAT = "dwarf-with-dsym";
				ENABLE_NS_ASSERTIONS = NO;
				ENABLE_STRICT_OBJC_MSGSEND = YES;
				GCC_C_LANGUAGE_STANDARD = gnu11;
				GCC_NO_COMMON_BLOCKS = YES;
				GCC_WARN_64_TO_32_BIT_CONVERSION = YES;
				GCC_WARN_ABOUT_RETURN_TYPE = YES_ERROR;
				GCC_WARN_UNDECLARED_SELECTOR = YES;
				GCC_WARN_UNINITIALIZED_AUTOS = YES_AGGRESSIVE;
				GCC_WARN_UNUSED_FUNCTION = YES;
				GCC_WARN_UNUSED_VARIABLE = YES;
				IPHONEOS_DEPLOYMENT_TARGET = 15.2;
				MTL_ENABLE_DEBUG_INFO = NO;
				MTL_FAST_MATH = YES;
				SDKROOT = iphoneos;
				SWIFT_COMPILATION_MODE = wholemodule;
				SWIFT_OPTIMIZATION_LEVEL = "-O";
				VALIDATE_PRODUCT = YES;
			};
			name = Release;
		};
		503C2627286C8BB30073CEF6 /* Debug */ = {
			isa = XCBuildConfiguration;
			baseConfigurationReference = C1E1B54CF56B1D83D2CA08B2 /* Pods-RxSwift_NewsApp.debug.xcconfig */;
			buildSettings = {
				ASSETCATALOG_COMPILER_APPICON_NAME = AppIcon;
				ASSETCATALOG_COMPILER_GLOBAL_ACCENT_COLOR_NAME = AccentColor;
				CODE_SIGN_STYLE = Automatic;
				CURRENT_PROJECT_VERSION = 1;
				GENERATE_INFOPLIST_FILE = YES;
				INFOPLIST_FILE = RxSwift_NewsApp/Info.plist;
				INFOPLIST_KEY_UIApplicationSupportsIndirectInputEvents = YES;
				INFOPLIST_KEY_UILaunchStoryboardName = LaunchScreen;
				INFOPLIST_KEY_UIMainStoryboardFile = Main;
				INFOPLIST_KEY_UISupportedInterfaceOrientations_iPad = "UIInterfaceOrientationPortrait UIInterfaceOrientationPortraitUpsideDown UIInterfaceOrientationLandscapeLeft UIInterfaceOrientationLandscapeRight";
				INFOPLIST_KEY_UISupportedInterfaceOrientations_iPhone = "UIInterfaceOrientationPortrait UIInterfaceOrientationLandscapeLeft UIInterfaceOrientationLandscapeRight";
				LD_RUNPATH_SEARCH_PATHS = (
					"$(inherited)",
					"@executable_path/Frameworks",
				);
				MARKETING_VERSION = 1.0;
				PRODUCT_BUNDLE_IDENTIFIER = "shinov-96-mail.ru.RxSwift-NewsApp";
				PRODUCT_NAME = "$(TARGET_NAME)";
				SWIFT_EMIT_LOC_STRINGS = YES;
				SWIFT_VERSION = 5.0;
				TARGETED_DEVICE_FAMILY = "1,2";
			};
			name = Debug;
		};
		503C2628286C8BB30073CEF6 /* Release */ = {
			isa = XCBuildConfiguration;
			baseConfigurationReference = 735BD7F84C517AE666ACB0BB /* Pods-RxSwift_NewsApp.release.xcconfig */;
			buildSettings = {
				ASSETCATALOG_COMPILER_APPICON_NAME = AppIcon;
				ASSETCATALOG_COMPILER_GLOBAL_ACCENT_COLOR_NAME = AccentColor;
				CODE_SIGN_STYLE = Automatic;
				CURRENT_PROJECT_VERSION = 1;
				GENERATE_INFOPLIST_FILE = YES;
				INFOPLIST_FILE = RxSwift_NewsApp/Info.plist;
				INFOPLIST_KEY_UIApplicationSupportsIndirectInputEvents = YES;
				INFOPLIST_KEY_UILaunchStoryboardName = LaunchScreen;
				INFOPLIST_KEY_UIMainStoryboardFile = Main;
				INFOPLIST_KEY_UISupportedInterfaceOrientations_iPad = "UIInterfaceOrientationPortrait UIInterfaceOrientationPortraitUpsideDown UIInterfaceOrientationLandscapeLeft UIInterfaceOrientationLandscapeRight";
				INFOPLIST_KEY_UISupportedInterfaceOrientations_iPhone = "UIInterfaceOrientationPortrait UIInterfaceOrientationLandscapeLeft UIInterfaceOrientationLandscapeRight";
				LD_RUNPATH_SEARCH_PATHS = (
					"$(inherited)",
					"@executable_path/Frameworks",
				);
				MARKETING_VERSION = 1.0;
				PRODUCT_BUNDLE_IDENTIFIER = "shinov-96-mail.ru.RxSwift-NewsApp";
				PRODUCT_NAME = "$(TARGET_NAME)";
				SWIFT_EMIT_LOC_STRINGS = YES;
				SWIFT_VERSION = 5.0;
				TARGETED_DEVICE_FAMILY = "1,2";
			};
			name = Release;
		};
/* End XCBuildConfiguration section */

/* Begin XCConfigurationList section */
		503C260D286C8BAF0073CEF6 /* Build configuration list for PBXProject "RxSwift_NewsApp" */ = {
			isa = XCConfigurationList;
			buildConfigurations = (
				503C2624286C8BB30073CEF6 /* Debug */,
				503C2625286C8BB30073CEF6 /* Release */,
			);
			defaultConfigurationIsVisible = 0;
			defaultConfigurationName = Release;
		};
		503C2626286C8BB30073CEF6 /* Build configuration list for PBXNativeTarget "RxSwift_NewsApp" */ = {
			isa = XCConfigurationList;
			buildConfigurations = (
				503C2627286C8BB30073CEF6 /* Debug */,
				503C2628286C8BB30073CEF6 /* Release */,
			);
			defaultConfigurationIsVisible = 0;
			defaultConfigurationName = Release;
		};
/* End XCConfigurationList section */
	};
	rootObject = 503C260A286C8BAF0073CEF6 /* Project object */;
}
